
Microsoft Visual Studio Solution File, Format Version 12.00
# Visual Studio Version 17
VisualStudioVersion = 17.12.35527.113 d17.12
MinimumVisualStudioVersion = 10.0.40219.1
Project("{151D2E53-A2C4-4D7D-83FE-D05416EBD58E}") = "AzureBus", "AzureBus.deployproj", "{19C71373-1766-4D22-B8AA-CC2C82C9B4EC}"
EndProject
Project("{151D2E53-A2C4-4D7D-83FE-D05416EBD58E}") = "BlobStorage", "..\BlobStorage\BlobStorage.deployproj", "{8D9149F0-AB8C-4E38-903C-CB88A44EDFAC}"
EndProject
Project("{151D2E53-A2C4-4D7D-83FE-D05416EBD58E}") = "BlobFunction", "..\BlobFunction\BlobFunction.deployproj", "{1EAE909D-39B4-465E-A438-39589FD8014B}"
EndProject
Global
	GlobalSection(SolutionConfigurationPlatforms) = preSolution
		Debug|Any CPU = Debug|Any CPU
		Release|Any CPU = Release|Any CPU
	EndGlobalSection
	GlobalSection(ProjectConfigurationPlatforms) = postSolution
		{19C71373-1766-4D22-B8AA-CC2C82C9B4EC}.Debug|Any CPU.ActiveCfg = Debug|Any CPU
		{19C71373-1766-4D22-B8AA-CC2C82C9B4EC}.Debug|Any CPU.Build.0 = Debug|Any CPU
		{19C71373-1766-4D22-B8AA-CC2C82C9B4EC}.Release|Any CPU.ActiveCfg = Release|Any CPU
		{19C71373-1766-4D22-B8AA-CC2C82C9B4EC}.Release|Any CPU.Build.0 = Release|Any CPU
		{8D9149F0-AB8C-4E38-903C-CB88A44EDFAC}.Debug|Any CPU.ActiveCfg = Debug|Any CPU
		{8D9149F0-AB8C-4E38-903C-CB88A44EDFAC}.Debug|Any CPU.Build.0 = Debug|Any CPU
		{8D9149F0-AB8C-4E38-903C-CB88A44EDFAC}.Release|Any CPU.ActiveCfg = Release|Any CPU
		{8D9149F0-AB8C-4E38-903C-CB88A44EDFAC}.Release|Any CPU.Build.0 = Release|Any CPU
		{1EAE909D-39B4-465E-A438-39589FD8014B}.Debug|Any CPU.ActiveCfg = Debug|Any CPU
		{1EAE909D-39B4-465E-A438-39589FD8014B}.Debug|Any CPU.Build.0 = Debug|Any CPU
		{1EAE909D-39B4-465E-A438-39589FD8014B}.Release|Any CPU.ActiveCfg = Release|Any CPU
		{1EAE909D-39B4-465E-A438-39589FD8014B}.Release|Any CPU.Build.0 = Release|Any CPU
	EndGlobalSection
	GlobalSection(SolutionProperties) = preSolution
		HideSolutionNode = FALSE
	EndGlobalSection
EndGlobal
